
Microsoft Visual Studio Solution File, Format Version 12.00
# Visual Studio Version 17
VisualStudioVersion = 17.13.35919.96 d17.13
MinimumVisualStudioVersion = 10.0.40219.1
Project("{FAE04EC0-301F-11D3-BF4B-00C04F79EFBC}") = "Kotiki.Common", "Kotiki.Common\Kotiki.Common.csproj", "{B160119E-210D-43D3-8AC2-5C54CC4F868F}"
EndProject
Project("{FAE04EC0-301F-11D3-BF4B-00C04F79EFBC}") = "Kotiki.Console", "Kotiki.Console\Kotiki.Console.csproj", "{1423EF48-FCA6-499A-A58B-5AA978AB594B}"
EndProject
Global
	GlobalSection(SolutionConfigurationPlatforms) = preSolution
		Debug|Any CPU = Debug|Any CPU
		Release|Any CPU = Release|Any CPU
	EndGlobalSection
	GlobalSection(ProjectConfigurationPlatforms) = postSolution
		{B160119E-210D-43D3-8AC2-5C54CC4F868F}.Debug|Any CPU.ActiveCfg = Debug|Any CPU
		{B160119E-210D-43D3-8AC2-5C54CC4F868F}.Debug|Any CPU.Build.0 = Debug|Any CPU
		{B160119E-210D-43D3-8AC2-5C54CC4F868F}.Release|Any CPU.ActiveCfg = Release|Any CPU
		{B160119E-210D-43D3-8AC2-5C54CC4F868F}.Release|Any CPU.Build.0 = Release|Any CPU
		{1423EF48-FCA6-499A-A58B-5AA978AB594B}.Debug|Any CPU.ActiveCfg = Debug|Any CPU
		{1423EF48-FCA6-499A-A58B-5AA978AB594B}.Debug|Any CPU.Build.0 = Debug|Any CPU
		{1423EF48-FCA6-499A-A58B-5AA978AB594B}.Release|Any CPU.ActiveCfg = Release|Any CPU
		{1423EF48-FCA6-499A-A58B-5AA978AB594B}.Release|Any CPU.Build.0 = Release|Any CPU
	EndGlobalSection
	GlobalSection(SolutionProperties) = preSolution
		HideSolutionNode = FALSE
	EndGlobalSection
	GlobalSection(ExtensibilityGlobals) = postSolution
		SolutionGuid = {CE90039E-2E38-4EDC-8B20-0E72BC126727}
	EndGlobalSection
EndGlobal
